// !$*UTF8*$!
{
	archiveVersion = 1;
	classes = {
	};
	objectVersion = 56;
	objects = {

/* Begin PBXBuildFile section */
		AA000000000000000000041A /* GottaGoApp.swift in Sources */ = {isa = PBXBuildFile; fileRef = AA000000000000000000040A /* GottaGoApp.swift */; };
		AA000000000000000000043A /* ContentView.swift in Sources */ = {isa = PBXBuildFile; fileRef = AA000000000000000000042A /* ContentView.swift */; };
		AA000000000000000000045A /* MapView.swift in Sources */ = {isa = PBXBuildFile; fileRef = AA000000000000000000044A /* MapView.swift */; };
		AA000000000000000000047A /* BathroomListView.swift in Sources */ = {isa = PBXBuildFile; fileRef = AA000000000000000000046A /* BathroomListView.swift */; };
		AA000000000000000000049A /* BathroomDetailView.swift in Sources */ = {isa = PBXBuildFile; fileRef = AA000000000000000000048A /* BathroomDetailView.swift */; };
		AA000000000000000000051A /* AddBathroomView.swift in Sources */ = {isa = PBXBuildFile; fileRef = AA000000000000000000050A /* AddBathroomView.swift */; };
		AA000000000000000000053A /* Models.swift in Sources */ = {isa = PBXBuildFile; fileRef = AA000000000000000000052A /* Models.swift */; };
		AA000000000000000000055A /* BathroomViewModel.swift in Sources */ = {isa = PBXBuildFile; fileRef = AA000000000000000000054A /* BathroomViewModel.swift */; };
		AA000000000000000000057A /* Assets.xcassets in Resources */ = {isa = PBXBuildFile; fileRef = AA000000000000000000056A /* Assets.xcassets */; };
		AA000000000000000000059A /* Preview Assets.xcassets in Resources */ = {isa = PBXBuildFile; fileRef = AA000000000000000000058A /* Preview Assets.xcassets */; };
		AA000000000000000000061A /* FavoritesView.swift in Sources */ = {isa = PBXBuildFile; fileRef = AA000000000000000000060A /* FavoritesView.swift */; };
		AA000000000000000000063A /* HomeView.swift in Sources */ = {isa = PBXBuildFile; fileRef = AA000000000000000000062A /* HomeView.swift */; };
		AA000000000000000000065A /* ToiletDataService.swift in Sources */ = {isa = PBXBuildFile; fileRef = AA000000000000000000064A /* ToiletDataService.swift */; };
/* End PBXBuildFile section */

/* Begin PBXFileReference section */
		AA000000000000000000011A /* GottaGo.app */ = {isa = PBXFileReference; explicitFileType = wrapper.application; includeInIndex = 0; path = GottaGo.app; sourceTree = BUILT_PRODUCTS_DIR; };
		AA000000000000000000040A /* GottaGoApp.swift */ = {isa = PBXFileReference; lastKnownFileType = sourcecode.swift; path = GottaGoApp.swift; sourceTree = "<group>"; };
		AA000000000000000000042A /* ContentView.swift */ = {isa = PBXFileReference; lastKnownFileType = sourcecode.swift; path = ContentView.swift; sourceTree = "<group>"; };
		AA000000000000000000044A /* MapView.swift */ = {isa = PBXFileReference; lastKnownFileType = sourcecode.swift; path = MapView.swift; sourceTree = "<group>"; };
		AA000000000000000000046A /* BathroomListView.swift */ = {isa = PBXFileReference; lastKnownFileType = sourcecode.swift; path = BathroomListView.swift; sourceTree = "<group>"; };
		AA000000000000000000048A /* BathroomDetailView.swift */ = {isa = PBXFileReference; lastKnownFileType = sourcecode.swift; path = BathroomDetailView.swift; sourceTree = "<group>"; };
		AA000000000000000000050A /* AddBathroomView.swift */ = {isa = PBXFileReference; lastKnownFileType = sourcecode.swift; path = AddBathroomView.swift; sourceTree = "<group>"; };
		AA000000000000000000052A /* Models.swift */ = {isa = PBXFileReference; lastKnownFileType = sourcecode.swift; path = Models.swift; sourceTree = "<group>"; };
		AA000000000000000000054A /* BathroomViewModel.swift */ = {isa = PBXFileReference; lastKnownFileType = sourcecode.swift; path = BathroomViewModel.swift; sourceTree = "<group>"; };
		AA000000000000000000056A /* Assets.xcassets */ = {isa = PBXFileReference; lastKnownFileType = folder.assetcatalog; path = Assets.xcassets; sourceTree = "<group>"; };
		AA000000000000000000058A /* Preview Assets.xcassets */ = {isa = PBXFileReference; lastKnownFileType = folder.assetcatalog; path = "Preview Assets.xcassets"; sourceTree = "<group>"; };
		AA000000000000000000060A /* FavoritesView.swift */ = {isa = PBXFileReference; lastKnownFileType = sourcecode.swift; path = FavoritesView.swift; sourceTree = "<group>"; };
		AA000000000000000000062A /* HomeView.swift */ = {isa = PBXFileReference; lastKnownFileType = sourcecode.swift; path = HomeView.swift; sourceTree = "<group>"; };
		AA000000000000000000064A /* ToiletDataService.swift */ = {isa = PBXFileReference; lastKnownFileType = sourcecode.swift; path = ToiletDataService.swift; sourceTree = "<group>"; };
		AA000000000000000000066A /* GottaGo.entitlements */ = {isa = PBXFileReference; lastKnownFileType = text.plist.entitlements; path = GottaGo.entitlements; sourceTree = "<group>"; };
/* End PBXFileReference section */

/* Begin PBXFrameworksBuildPhase section */
		AA000000000000000000032A /* Frameworks */ = {
			isa = PBXFrameworksBuildPhase;
			buildActionMask = 2147483647;
			files = (
			);
			runOnlyForDeploymentPostprocessing = 0;
		};
/* End PBXFrameworksBuildPhase section */

/* Begin PBXGroup section */
		AA000000000000000000002A = {
			isa = PBXGroup;
			children = (
				AA000000000000000000003A /* GottaGo */,
				AA000000000000000000004A /* Products */,
			);
			sourceTree = "<group>";
		};
		AA000000000000000000003A /* GottaGo */ = {
			isa = PBXGroup;
			children = (
				AA000000000000000000040A /* GottaGoApp.swift */,
				AA000000000000000000042A /* ContentView.swift */,
				AA000000000000000000052A /* Models.swift */,
				AA000000000000000000054A /* BathroomViewModel.swift */,
				AA000000000000000000044A /* MapView.swift */,
				AA000000000000000000046A /* BathroomListView.swift */,
				AA000000000000000000048A /* BathroomDetailView.swift */,
				AA000000000000000000050A /* AddBathroomView.swift */,
				AA000000000000000000060A /* FavoritesView.swift */,
				AA000000000000000000062A /* HomeView.swift */,
				AA000000000000000000064A /* ToiletDataService.swift */,
				AA000000000000000000066A /* GottaGo.entitlements */,
				AA000000000000000000056A /* Assets.xcassets */,
				AA000000000000000000005A /* Preview Content */,
			);
			path = GottaGo;
			sourceTree = "<group>";
		};
		AA000000000000000000004A /* Products */ = {
			isa = PBXGroup;
			children = (
				AA000000000000000000011A /* GottaGo.app */,
			);
			name = Products;
			sourceTree = "<group>";
		};
		AA000000000000000000005A /* Preview Content */ = {
			isa = PBXGroup;
			children = (
				AA000000000000000000058A /* Preview Assets.xcassets */,
			);
			path = "Preview Content";
			sourceTree = "<group>";
		};
/* End PBXGroup section */

/* Begin PBXNativeTarget section */
		AA000000000000000000010A /* GottaGo */ = {
			isa = PBXNativeTarget;
			buildConfigurationList = AA000000000000000000021A /* Build configuration list for PBXNativeTarget "GottaGo" */;
			buildPhases = (
				AA000000000000000000030A /* Sources */,
				AA000000000000000000031A /* Resources */,
				AA000000000000000000032A /* Frameworks */,
			);
			buildRules = (
			);
			dependencies = (
			);
			name = GottaGo;
			productName = GottaGo;
			productReference = AA000000000000000000011A /* GottaGo.app */;
			productType = "com.apple.product-type.application";
		};
/* End PBXNativeTarget section */

/* Begin PBXProject section */
		AA000000000000000000001A /* Project object */ = {
			isa = PBXProject;
			attributes = {
				BuildIndependentTargetsInParallel = 1;
				LastSwiftUpdateCheck = 1600;
				LastUpgradeCheck = 2640;
				TargetAttributes = {
					AA000000000000000000010A = {
						CreatedOnToolsVersion = 16.0;
					};
				};
			};
			buildConfigurationList = AA000000000000000000020A /* Build configuration list for PBXProject "GottaGo" */;
			compatibilityVersion = "Xcode 14.0";
			developmentRegion = en;
			hasScannedForEncodings = 0;
			knownRegions = (
				en,
				Base,
			);
			mainGroup = AA000000000000000000002A;
			productRefGroup = AA000000000000000000004A /* Products */;
			projectDirPath = "";
			projectRoot = "";
			targets = (
				AA000000000000000000010A /* GottaGo */,
			);
		};
/* End PBXProject section */

/* Begin PBXResourcesBuildPhase section */
		AA000000000000000000031A /* Resources */ = {
			isa = PBXResourcesBuildPhase;
			buildActionMask = 2147483647;
			files = (
				AA000000000000000000059A /* Preview Assets.xcassets in Resources */,
				AA000000000000000000057A /* Assets.xcassets in Resources */,
			);
			runOnlyForDeploymentPostprocessing = 0;
		};
/* End PBXResourcesBuildPhase section */

/* Begin PBXSourcesBuildPhase section */
		AA000000000000000000030A /* Sources */ = {
			isa = PBXSourcesBuildPhase;
			buildActionMask = 2147483647;
			files = (
				AA000000000000000000041A /* GottaGoApp.swift in Sources */,
				AA000000000000000000043A /* ContentView.swift in Sources */,
				AA000000000000000000053A /* Models.swift in Sources */,
				AA000000000000000000055A /* BathroomViewModel.swift in Sources */,
				AA000000000000000000045A /* MapView.swift in Sources */,
				AA000000000000000000047A /* BathroomListView.swift in Sources */,
				AA000000000000000000049A /* BathroomDetailView.swift in Sources */,
				AA000000000000000000051A /* AddBathroomView.swift in Sources */,
				AA000000000000000000061A /* FavoritesView.swift in Sources */,
				AA000000000000000000063A /* HomeView.swift in Sources */,
				AA000000000000000000065A /* ToiletDataService.swift in Sources */,
			);
			runOnlyForDeploymentPostprocessing = 0;
		};
/* End PBXSourcesBuildPhase section */

/* Begin XCBuildConfiguration section */
		AA000000000000000000022A /* Debug */ = {
			isa = XCBuildConfiguration;
			buildSettings = {
				ALWAYS_SEARCH_USER_PATHS = NO;
				ASSETCATALOG_COMPILER_GENERATE_SWIFT_ASSET_SYMBOL_EXTENSIONS = YES;
				CLANG_ANALYZER_NONNULL = YES;
				CLANG_ANALYZER_NUMBER_OBJECT_CONVERSION = YES_AGGRESSIVE;
				CLANG_CXX_LANGUAGE_STANDARD = "gnu++20";
				CLANG_ENABLE_MODULES = YES;
				CLANG_ENABLE_OBJC_ARC = YES;
				CLANG_ENABLE_OBJC_WEAK = YES;
				CLANG_WARN_BLOCK_CAPTURE_AUTORELEASING = YES;
				CLANG_WARN_BOOL_CONVERSION = YES;
				CLANG_WARN_COMMA = YES;
				CLANG_WARN_CONSTANT_CONVERSION = YES;
				CLANG_WARN_DEPRECATED_OBJC_IMPLEMENTATIONS = YES;
				CLANG_WARN_DIRECT_OBJC_ISA_USAGE = YES_ERROR;
				CLANG_WARN_DOCUMENTATION_COMMENTS = YES;
				CLANG_WARN_EMPTY_BODY = YES;
				CLANG_WARN_ENUM_CONVERSION = YES;
				CLANG_WARN_INFINITE_RECURSION = YES;
				CLANG_WARN_INT_CONVERSION = YES;
				CLANG_WARN_NON_LITERAL_NULL_CONVERSION = YES;
				CLANG_WARN_OBJC_IMPLICIT_RETAIN_SELF = YES;
				CLANG_WARN_OBJC_LITERAL_CONVERSION = YES;
				CLANG_WARN_OBJC_ROOT_CLASS = YES_ERROR;
				CLANG_WARN_QUOTED_INCLUDE_IN_FRAMEWORK_HEADER = YES;
				CLANG_WARN_RANGE_LOOP_ANALYSIS = YES;
				CLANG_WARN_STRICT_PROTOTYPES = YES;
				CLANG_WARN_SUSPICIOUS_MOVE = YES;
				CLANG_WARN_UNGUARDED_AVAILABILITY = YES_AGGRESSIVE;
				CLANG_WARN_UNREACHABLE_CODE = YES;
				CLANG_WARN__DUPLICATE_METHOD_MATCH = YES;
				COPY_PHASE_STRIP = NO;
				DEBUG_INFORMATION_FORMAT = dwarf;
				DEVELOPMENT_TEAM = "";
				ENABLE_STRICT_OBJC_MSGSEND = YES;
				ENABLE_TESTABILITY = YES;
				ENABLE_USER_SCRIPT_SANDBOXING = YES;
				GCC_C_LANGUAGE_STANDARD = gnu17;
				GCC_DYNAMIC_NO_PIC = NO;
				GCC_NO_COMMON_BLOCKS = YES;
				GCC_OPTIMIZATION_LEVEL = 0;
				GCC_PREPROCESSOR_DEFINITIONS = (
					"DEBUG=1",
					"$(inherited)",
				);
				GCC_WARN_64_TO_32_BIT_CONVERSION = YES;
				GCC_WARN_ABOUT_RETURN_TYPE = YES_ERROR;
				GCC_WARN_UNDECLARED_SELECTOR = YES;
				GCC_WARN_UNINITIALIZED_AUTOS = YES_AGGRESSIVE;
				GCC_WARN_UNUSED_FUNCTION = YES;
				GCC_WARN_UNUSED_VARIABLE = YES;
				IPHONEOS_DEPLOYMENT_TARGET = 17.0;
				LOCALIZATION_PREFERS_STRING_CATALOGS = YES;
				MTL_ENABLE_DEBUG_INFO = INCLUDE_SOURCE;
				MTL_FAST_MATH = YES;
				ONLY_ACTIVE_ARCH = YES;
				SDKROOT = iphoneos;
				STRING_CATALOG_GENERATE_SYMBOLS = YES;
				SUPPORTED_PLATFORMS = "iphoneos iphonesimulator";
				SWIFT_ACTIVE_COMPILATION_CONDITIONS = "DEBUG $(inherited)";
				SWIFT_OPTIMIZATION_LEVEL = "-Onone";
			};
			name = Debug;
		};
		AA000000000000000000023A /* Release */ = {
			isa = XCBuildConfiguration;
			buildSettings = {
				ALWAYS_SEARCH_USER_PATHS = NO;
				ASSETCATALOG_COMPILER_GENERATE_SWIFT_ASSET_SYMBOL_EXTENSIONS = YES;
				CLANG_ANALYZER_NONNULL = YES;
				CLANG_ANALYZER_NUMBER_OBJECT_CONVERSION = YES_AGGRESSIVE;
				CLANG_CXX_LANGUAGE_STANDARD = "gnu++20";
				CLANG_ENABLE_MODULES = YES;
				CLANG_ENABLE_OBJC_ARC = YES;
				CLANG_ENABLE_OBJC_WEAK = YES;
				CLANG_WARN_BLOCK_CAPTURE_AUTORELEASING = YES;
				CLANG_WARN_BOOL_CONVERSION = YES;
				CLANG_WARN_COMMA = YES;
				CLANG_WARN_CONSTANT_CONVERSION = YES;
				CLANG_WARN_DEPRECATED_OBJC_IMPLEMENTATIONS = YES;
				CLANG_WARN_DIRECT_OBJC_ISA_USAGE = YES_ERROR;
				CLANG_WARN_DOCUMENTATION_COMMENTS = YES;
				CLANG_WARN_EMPTY_BODY = YES;
				CLANG_WARN_ENUM_CONVERSION = YES;
				CLANG_WARN_INFINITE_RECURSION = YES;
				CLANG_WARN_INT_CONVERSION = YES;
				CLANG_WARN_NON_LITERAL_NULL_CONVERSION = YES;
				CLANG_WARN_OBJC_IMPLICIT_RETAIN_SELF = YES;
				CLANG_WARN_OBJC_LITERAL_CONVERSION = YES;
				CLANG_WARN_OBJC_ROOT_CLASS = YES_ERROR;
				CLANG_WARN_QUOTED_INCLUDE_IN_FRAMEWORK_HEADER = YES;
				CLANG_WARN_RANGE_LOOP_ANALYSIS = YES;
				CLANG_WARN_STRICT_PROTOTYPES = YES;
				CLANG_WARN_SUSPICIOUS_MOVE = YES;
				CLANG_WARN_UNGUARDED_AVAILABILITY = YES_AGGRESSIVE;
				CLANG_WARN_UNREACHABLE_CODE = YES;
				CLANG_WARN__DUPLICATE_METHOD_MATCH = YES;
				COPY_PHASE_STRIP = NO;
				DEBUG_INFORMATION_FORMAT = "dwarf-with-dsym";
				DEVELOPMENT_TEAM = "";
				ENABLE_NS_ASSERTIONS = NO;
				ENABLE_STRICT_OBJC_MSGSEND = YES;
				ENABLE_USER_SCRIPT_SANDBOXING = YES;
				GCC_C_LANGUAGE_STANDARD = gnu17;
				GCC_NO_COMMON_BLOCKS = YES;
				GCC_WARN_64_TO_32_BIT_CONVERSION = YES;
				GCC_WARN_ABOUT_RETURN_TYPE = YES_ERROR;
				GCC_WARN_UNDECLARED_SELECTOR = YES;
				GCC_WARN_UNINITIALIZED_AUTOS = YES_AGGRESSIVE;
				GCC_WARN_UNUSED_FUNCTION = YES;
				GCC_WARN_UNUSED_VARIABLE = YES;
				IPHONEOS_DEPLOYMENT_TARGET = 17.0;
				LOCALIZATION_PREFERS_STRING_CATALOGS = YES;
				MTL_FAST_MATH = YES;
				SDKROOT = iphoneos;
				STRING_CATALOG_GENERATE_SYMBOLS = YES;
				SUPPORTED_PLATFORMS = "iphoneos iphonesimulator";
				SWIFT_COMPILATION_MODE = wholemodule;
				VALIDATE_PRODUCT = YES;
			};
			name = Release;
		};
		AA000000000000000000024A /* Debug */ = {
			isa = XCBuildConfiguration;
			buildSettings = {
				ASSETCATALOG_COMPILER_APPICON_NAME = AppIcon;
				ASSETCATALOG_COMPILER_GLOBAL_ACCENT_COLOR_NAME = AccentColor;
				"CODE_SIGNING_ALLOWED[sdk=iphonesimulator*]" = NO;
				"CODE_SIGNING_REQUIRED[sdk=iphonesimulator*]" = NO;
				CODE_SIGN_ENTITLEMENTS = GottaGo/GottaGo.entitlements;
				CODE_SIGN_STYLE = Automatic;
				CURRENT_PROJECT_VERSION = 1;
				DEVELOPMENT_ASSET_PATHS = "\"GottaGo/Preview Content\"";
				ENABLE_PREVIEWS = YES;
				GENERATE_INFOPLIST_FILE = YES;
				INFOPLIST_KEY_NSLocationWhenInUseUsageDescription = "GottaGo needs your location to show nearby restrooms and let you pin new ones.";
				INFOPLIST_KEY_UIApplicationSceneManifest_Generation = YES;
				INFOPLIST_KEY_UIApplicationSupportsIndirectInputEvents = YES;
				INFOPLIST_KEY_UILaunchScreen_Generation = YES;
				INFOPLIST_KEY_UISupportedInterfaceOrientations_iPad = "UIInterfaceOrientationPortrait UIInterfaceOrientationPortraitUpsideDown UIInterfaceOrientationLandscapeLeft UIInterfaceOrientationLandscapeRight";
				INFOPLIST_KEY_UISupportedInterfaceOrientations_iPhone = "UIInterfaceOrientationPortrait UIInterfaceOrientationLandscapeLeft UIInterfaceOrientationLandscapeRight";
				LD_RUNPATH_SEARCH_PATHS = (
					"$(inherited)",
					"@executable_path/Frameworks",
				);
				MARKETING_VERSION = 1.0;
				PRODUCT_BUNDLE_IDENTIFIER = com.gottago.app;
				PRODUCT_NAME = "$(TARGET_NAME)";
				SWIFT_EMIT_LOC_STRINGS = YES;
				SWIFT_VERSION = 5;
				TARGETED_DEVICE_FAMILY = "1,2";
			};
			name = Debug;
		};
		AA000000000000000000025A /* Release */ = {
			isa = XCBuildConfiguration;
			buildSettings = {
				ASSETCATALOG_COMPILER_APPICON_NAME = AppIcon;
				ASSETCATALOG_COMPILER_GLOBAL_ACCENT_COLOR_NAME = AccentColor;
				"CODE_SIGNING_ALLOWED[sdk=iphonesimulator*]" = NO;
				"CODE_SIGNING_REQUIRED[sdk=iphonesimulator*]" = NO;
				CODE_SIGN_ENTITLEMENTS = GottaGo/GottaGo.entitlements;
				CODE_SIGN_STYLE = Automatic;
				CURRENT_PROJECT_VERSION = 1;
				DEVELOPMENT_ASSET_PATHS = "\"GottaGo/Preview Content\"";
				ENABLE_PREVIEWS = YES;
				GENERATE_INFOPLIST_FILE = YES;
				INFOPLIST_KEY_NSLocationWhenInUseUsageDescription = "GottaGo needs your location to show nearby restrooms and let you pin new ones.";
				INFOPLIST_KEY_UIApplicationSceneManifest_Generation = YES;
				INFOPLIST_KEY_UIApplicationSupportsIndirectInputEvents = YES;
				INFOPLIST_KEY_UILaunchScreen_Generation = YES;
				INFOPLIST_KEY_UISupportedInterfaceOrientations_iPad = "UIInterfaceOrientationPortrait UIInterfaceOrientationPortraitUpsideDown UIInterfaceOrientationLandscapeLeft UIInterfaceOrientationLandscapeRight";
				INFOPLIST_KEY_UISupportedInterfaceOrientations_iPhone = "UIInterfaceOrientationPortrait UIInterfaceOrientationLandscapeLeft UIInterfaceOrientationLandscapeRight";
				LD_RUNPATH_SEARCH_PATHS = (
					"$(inherited)",
					"@executable_path/Frameworks",
				);
				MARKETING_VERSION = 1.0;
				PRODUCT_BUNDLE_IDENTIFIER = com.gottago.app;
				PRODUCT_NAME = "$(TARGET_NAME)";
				SWIFT_EMIT_LOC_STRINGS = YES;
				SWIFT_VERSION = 5;
				TARGETED_DEVICE_FAMILY = "1,2";
			};
			name = Release;
		};
/* End XCBuildConfiguration section */

/* Begin XCConfigurationList section */
		AA000000000000000000020A /* Build configuration list for PBXProject "GottaGo" */ = {
			isa = XCConfigurationList;
			buildConfigurations = (
				AA000000000000000000022A /* Debug */,
				AA000000000000000000023A /* Release */,
			);
			defaultConfigurationIsVisible = 0;
			defaultConfigurationName = Release;
		};
		AA000000000000000000021A /* Build configuration list for PBXNativeTarget "GottaGo" */ = {
			isa = XCConfigurationList;
			buildConfigurations = (
				AA000000000000000000024A /* Debug */,
				AA000000000000000000025A /* Release */,
			);
			defaultConfigurationIsVisible = 0;
			defaultConfigurationName = Release;
		};
/* End XCConfigurationList section */
	};
	rootObject = AA000000000000000000001A /* Project object */;
}
